
Microsoft Visual Studio Solution File, Format Version 12.00
# Visual Studio Version 17
VisualStudioVersion = 17.5.33424.131
MinimumVisualStudioVersion = 10.0.40219.1
Project("{FAE04EC0-301F-11D3-BF4B-00C04F79EFBC}") = "Stage-Proje", "Stage-Proje\Stage-Proje.csproj", "{AD97EB85-E321-4A4A-B2A9-19B7FA5DDA14}"
EndProject
Global
	GlobalSection(SolutionConfigurationPlatforms) = preSolution
		Debug|Any CPU = Debug|Any CPU
		Release|Any CPU = Release|Any CPU
	EndGlobalSection
	GlobalSection(ProjectConfigurationPlatforms) = postSolution
		{AD97EB85-E321-4A4A-B2A9-19B7FA5DDA14}.Debug|Any CPU.ActiveCfg = Debug|Any CPU
		{AD97EB85-E321-4A4A-B2A9-19B7FA5DDA14}.Debug|Any CPU.Build.0 = Debug|Any CPU
		{AD97EB85-E321-4A4A-B2A9-19B7FA5DDA14}.Release|Any CPU.ActiveCfg = Release|Any CPU
		{AD97EB85-E321-4A4A-B2A9-19B7FA5DDA14}.Release|Any CPU.Build.0 = Release|Any CPU
	EndGlobalSection
	GlobalSection(SolutionProperties) = preSolution
		HideSolutionNode = FALSE
	EndGlobalSection
	GlobalSection(ExtensibilityGlobals) = postSolution
		SolutionGuid = {6460239D-F16A-47A9-8C4A-EC59D8A53498}
	EndGlobalSection
EndGlobal
